
Microsoft Visual Studio Solution File, Format Version 12.00
# Visual Studio Version 17
VisualStudioVersion = 17.4.33103.184
MinimumVisualStudioVersion = 10.0.40219.1
Project("{FAE04EC0-301F-11D3-BF4B-00C04F79EFBC}") = "EmployeeApplication", "EmployeeApplication.csproj", "{F5141775-4CD6-4F5E-8653-75825C5ED4FA}"
EndProject
Global
	GlobalSection(SolutionConfigurationPlatforms) = preSolution
		Debug|Any CPU = Debug|Any CPU
		Release|Any CPU = Release|Any CPU
	EndGlobalSection
	GlobalSection(ProjectConfigurationPlatforms) = postSolution
		{F5141775-4CD6-4F5E-8653-75825C5ED4FA}.Debug|Any CPU.ActiveCfg = Debug|Any CPU
		{F5141775-4CD6-4F5E-8653-75825C5ED4FA}.Debug|Any CPU.Build.0 = Debug|Any CPU
		{F5141775-4CD6-4F5E-8653-75825C5ED4FA}.Release|Any CPU.ActiveCfg = Release|Any CPU
		{F5141775-4CD6-4F5E-8653-75825C5ED4FA}.Release|Any CPU.Build.0 = Release|Any CPU
	EndGlobalSection
	GlobalSection(SolutionProperties) = preSolution
		HideSolutionNode = FALSE
	EndGlobalSection
	GlobalSection(ExtensibilityGlobals) = postSolution
		SolutionGuid = {8A878E05-AB50-42FF-B401-39FBB7E6CF5E}
	EndGlobalSection
EndGlobal
